
Microsoft Visual Studio Solution File, Format Version 12.00
# Visual Studio Version 17
VisualStudioVersion = 17.14.36301.6 d17.14
MinimumVisualStudioVersion = 10.0.40219.1
Project("{FAE04EC0-301F-11D3-BF4B-00C04F79EFBC}") = "OverpassAPI", "OverpassAPI\OverpassAPI.csproj", "{01452ACA-D9E8-496B-B849-2D3E1F341F88}"
EndProject
Global
	GlobalSection(SolutionConfigurationPlatforms) = preSolution
		Debug|Any CPU = Debug|Any CPU
		Release|Any CPU = Release|Any CPU
	EndGlobalSection
	GlobalSection(ProjectConfigurationPlatforms) = postSolution
		{01452ACA-D9E8-496B-B849-2D3E1F341F88}.Debug|Any CPU.ActiveCfg = Debug|Any CPU
		{01452ACA-D9E8-496B-B849-2D3E1F341F88}.Debug|Any CPU.Build.0 = Debug|Any CPU
		{01452ACA-D9E8-496B-B849-2D3E1F341F88}.Release|Any CPU.ActiveCfg = Release|Any CPU
		{01452ACA-D9E8-496B-B849-2D3E1F341F88}.Release|Any CPU.Build.0 = Release|Any CPU
	EndGlobalSection
	GlobalSection(SolutionProperties) = preSolution
		HideSolutionNode = FALSE
	EndGlobalSection
	GlobalSection(ExtensibilityGlobals) = postSolution
		SolutionGuid = {DC36E023-C2A8-499E-BF14-8AC4CA070063}
	EndGlobalSection
EndGlobal
